
Microsoft Visual Studio Solution File, Format Version 12.00
# Visual Studio Version 17
VisualStudioVersion = 17.12.35521.163 d17.12
MinimumVisualStudioVersion = 10.0.40219.1
Project("{FAE04EC0-301F-11D3-BF4B-00C04F79EFBC}") = "InMemory.Caching", "InMemory.Caching\InMemory.Caching.csproj", "{0D36CEDF-7AFB-4C3E-8765-A47657B36B0E}"
EndProject
Project("{FAE04EC0-301F-11D3-BF4B-00C04F79EFBC}") = "Distributed_Cache_Example", "Distributed_Cache_Example\Distributed_Cache_Example.csproj", "{8069FBBC-435A-4E22-9BB8-270A96F45E36}"
EndProject
Global
	GlobalSection(SolutionConfigurationPlatforms) = preSolution
		Debug|Any CPU = Debug|Any CPU
		Release|Any CPU = Release|Any CPU
	EndGlobalSection
	GlobalSection(ProjectConfigurationPlatforms) = postSolution
		{0D36CEDF-7AFB-4C3E-8765-A47657B36B0E}.Debug|Any CPU.ActiveCfg = Debug|Any CPU
		{0D36CEDF-7AFB-4C3E-8765-A47657B36B0E}.Debug|Any CPU.Build.0 = Debug|Any CPU
		{0D36CEDF-7AFB-4C3E-8765-A47657B36B0E}.Release|Any CPU.ActiveCfg = Release|Any CPU
		{0D36CEDF-7AFB-4C3E-8765-A47657B36B0E}.Release|Any CPU.Build.0 = Release|Any CPU
		{8069FBBC-435A-4E22-9BB8-270A96F45E36}.Debug|Any CPU.ActiveCfg = Debug|Any CPU
		{8069FBBC-435A-4E22-9BB8-270A96F45E36}.Debug|Any CPU.Build.0 = Debug|Any CPU
		{8069FBBC-435A-4E22-9BB8-270A96F45E36}.Release|Any CPU.ActiveCfg = Release|Any CPU
		{8069FBBC-435A-4E22-9BB8-270A96F45E36}.Release|Any CPU.Build.0 = Release|Any CPU
	EndGlobalSection
	GlobalSection(SolutionProperties) = preSolution
		HideSolutionNode = FALSE
	EndGlobalSection
EndGlobal
